{
  "version": 4,
  "terraform_version": "1.14.1",
  "serial": 15,
  "lineage": "db21bdb5-2ae5-bcb0-803b-3c76cada0c21",
  "outputs": {
    "db_instance_ip": {
      "value": "34.93.216.80",
      "type": "string"
    },
    "db_name": {
      "value": "appdb",
      "type": "string"
    },
    "db_user": {
      "value": "admin",
      "type": "string"
    }
  },
  "resources": [
    {
      "mode": "managed",
      "type": "google_sql_database",
      "name": "database",
      "provider": "provider[\"registry.terraform.io/hashicorp/google\"]",
      "instances": [
        {
          "schema_version": 0,
          "attributes": {
            "charset": "utf8mb4",
            "collation": "utf8mb4_0900_ai_ci",
            "deletion_policy": "DELETE",
            "id": "projects/docker-gke-project-sainadha/instances/text-2/databases/appdb",
            "instance": "text-2",
            "name": "appdb",
            "project": "docker-gke-project-sainadha",
            "self_link": "https://sqladmin.googleapis.com/sql/v1beta4/projects/docker-gke-project-sainadha/instances/text-2/databases/appdb",
            "timeouts": null
          },
          "sensitive_attributes": [],
          "identity_schema_version": 0,
          "private": "eyJlMmJmYjczMC1lY2FhLTExZTYtOGY4OC0zNDM2M2JjN2M0YzAiOnsiY3JlYXRlIjoxMjAwMDAwMDAwMDAwLCJkZWxldGUiOjEyMDAwMDAwMDAwMDAsInVwZGF0ZSI6MTIwMDAwMDAwMDAwMH19",
          "dependencies": [
            "google_sql_database_instance.db_instance"
          ]
        }
      ]
    },
    {
      "mode": "managed",
      "type": "google_sql_database_instance",
      "name": "db_instance",
      "provider": "provider[\"registry.terraform.io/hashicorp/google\"]",
      "instances": [
        {
          "schema_version": 0,
          "attributes": {
            "available_maintenance_versions": [],
            "backupdr_backup": null,
            "clone": [],
            "connection_name": "docker-gke-project-sainadha:asia-south1:text-2",
            "database_version": "MYSQL_8_0",
            "deletion_protection": false,
            "dns_name": "",
            "dns_names": [],
            "encryption_key_name": null,
            "final_backup_description": null,
            "first_ip_address": "34.93.216.80",
            "id": "text-2",
            "instance_type": "CLOUD_SQL_INSTANCE",
            "ip_address": [
              {
                "ip_address": "34.93.216.80",
                "time_to_retire": "",
                "type": "PRIMARY"
              }
            ],
            "maintenance_version": "MYSQL_8_0_41.R20251004.01_14",
            "master_instance_name": "",
            "name": "text-2",
            "node_count": 0,
            "point_in_time_restore_context": [],
            "private_ip_address": "",
            "project": "docker-gke-project-sainadha",
            "psc_service_attachment_link": "",
            "public_ip_address": "34.93.216.80",
            "region": "asia-south1",
            "replica_configuration": [],
            "replica_names": [],
            "replication_cluster": [
              {
                "dr_replica": false,
                "failover_dr_replica_name": "",
                "psa_write_endpoint": ""
              }
            ],
            "restore_backup_context": [],
            "root_password": null,
            "self_link": "https://sqladmin.googleapis.com/sql/v1beta4/projects/docker-gke-project-sainadha/instances/text-2",
            "server_ca_cert": [
              {
                "cert": "-----BEGIN CERTIFICATE-----\nMIIDfzCCAmegAwIBAgIBADANBgkqhkiG9w0BAQsFADB3MS0wKwYDVQQuEyQ2ZGIw\nM2FkNi1lMGExLTRkZGEtOWY1Yy1kNTc3YmI2NjM5ZGMxIzAhBgNVBAMTGkdvb2ds\nZSBDbG91ZCBTUUwgU2VydmVyIENBMRQwEgYDVQQKEwtHb29nbGUsIEluYzELMAkG\nA1UEBhMCVVMwHhcNMjUxMjA5MDYyMjU3WhcNMzUxMjA3MDYyMzU3WjB3MS0wKwYD\nVQQuEyQ2ZGIwM2FkNi1lMGExLTRkZGEtOWY1Yy1kNTc3YmI2NjM5ZGMxIzAhBgNV\nBAMTGkdvb2dsZSBDbG91ZCBTUUwgU2VydmVyIENBMRQwEgYDVQQKEwtHb29nbGUs\nIEluYzELMAkGA1UEBhMCVVMwggEiMA0GCSqGSIb3DQEBAQUAA4IBDwAwggEKAoIB\nAQDIb23WON9Jkm/M2buU0YRGzJV5fo4PEGSVXF1745fNmAGQRhI7sbie+WfGSmLt\nQ7FSNMg3TE8eeARNHNq7yVrX/JmGeHU0LCKiUowCHiG1FFqhKVi0fvLzq7ujXUXi\nN8UzOgNohz0NO7XkU/doY6j1jkUjP9YBAIsydHOHmNH2fJiU7Ub8wCdB9c5dOa2J\nW0oCU2SeA6aeYusiIpkMqUehNeN3+QkC36lPh9LX+NCS8SpxhLHeBU7d/s3tVdkK\nFKKc2jfMtXvxFlhUCzhj7kY7fWV4cnHMEWZopER0Lh565bIozwCXmJ+AoqOrJJEl\nTKsZGG52KtUFSQgJku6cqXftAgMBAAGjFjAUMBIGA1UdEwEB/wQIMAYBAf8CAQAw\nDQYJKoZIhvcNAQELBQADggEBAHIW1VMDP1glpZmuW4STd/B94YyjWigaCkxLOxS4\n2B+zy+wkHM1oIaJ1DVnYYGT6ZKzbhjTpdSagq7ydqHqQIdPfBle1YQiVuOorlPQj\n25asz2bjtpBZtol+KuoI6UnERNndJZ+S2IgwYRzqo/rvHV0wJvuDS8xmMTzGFM4l\nQRThSe7Itw6AqHv9f//zRyUXJm+cH2Bnlge/t5Dwg92FqX/4cpmaFhDP4YOQ7gAi\n6DhZxApjVeEl1pL2/1rlK6K7OTFWl8x/GqT/G5WR8L2X/0yc4vuQIGJf0XHIKjQ6\nm+Kv2dCYpkLodW+2kime+VaHoPtKE0WI7I5rrX+QvFvPAWg=\n-----END CERTIFICATE-----",
                "common_name": "C=US,O=Google\\, Inc,CN=Google Cloud SQL Server CA,dnQualifier=6db03ad6-e0a1-4dda-9f5c-d577bb6639dc",
                "create_time": "2025-12-09T06:22:57.249Z",
                "expiration_time": "2035-12-07T06:23:57.249Z",
                "sha1_fingerprint": "948d5daf47e30c34b03c3e0ed92cb941d2f7565b"
              }
            ],
            "service_account_email_address": "p391120584695-nq2q56@gcp-sa-cloud-sql.iam.gserviceaccount.com",
            "settings": [
              {
                "activation_policy": "ALWAYS",
                "active_directory_config": [],
                "advanced_machine_features": [],
                "availability_type": "ZONAL",
                "backup_configuration": [
                  {
                    "backup_retention_settings": [
                      {
                        "retained_backups": 7,
                        "retention_unit": "COUNT"
                      }
                    ],
                    "binary_log_enabled": false,
                    "enabled": true,
                    "location": "",
                    "point_in_time_recovery_enabled": false,
                    "start_time": "01:00",
                    "transaction_log_retention_days": 7
                  }
                ],
                "collation": "",
                "connection_pool_config": [],
                "connector_enforcement": "NOT_REQUIRED",
                "data_cache_config": [
                  {
                    "data_cache_enabled": false
                  }
                ],
                "database_flags": [],
                "deletion_protection_enabled": false,
                "deny_maintenance_period": [],
                "disk_autoresize": true,
                "disk_autoresize_limit": 0,
                "disk_size": 10,
                "disk_type": "PD_SSD",
                "edition": "ENTERPRISE",
                "effective_availability_type": "ZONAL",
                "enable_dataplex_integration": false,
                "enable_google_ml_integration": false,
                "final_backup_config": [],
                "insights_config": [],
                "ip_configuration": [
                  {
                    "allocated_ip_range": "",
                    "authorized_networks": [
                      {
                        "expiration_time": "",
                        "name": "my-laptop",
                        "value": "116.73.243.69/32"
                      }
                    ],
                    "custom_subject_alternative_names": null,
                    "enable_private_path_for_google_cloud_services": false,
                    "ipv4_enabled": true,
                    "private_network": "",
                    "psc_config": [],
                    "server_ca_mode": "GOOGLE_MANAGED_INTERNAL_CA",
                    "server_ca_pool": "",
                    "ssl_mode": "ALLOW_UNENCRYPTED_AND_ENCRYPTED"
                  }
                ],
                "location_preference": [
                  {
                    "follow_gae_application": "",
                    "secondary_zone": "",
                    "zone": "asia-south1-b"
                  }
                ],
                "maintenance_window": [],
                "password_validation_policy": [],
                "pricing_plan": "PER_USE",
                "read_pool_auto_scale_config": [
                  {
                    "disable_scale_in": false,
                    "enabled": false,
                    "max_node_count": 0,
                    "min_node_count": 0,
                    "scale_in_cooldown_seconds": 0,
                    "scale_out_cooldown_seconds": 0,
                    "target_metrics": []
                  }
                ],
                "retain_backups_on_delete": false,
                "sql_server_audit_config": [],
                "tier": "db-f1-micro",
                "time_zone": "",
                "user_labels": {},
                "version": 1
              }
            ],
            "timeouts": null
          },
          "sensitive_attributes": [
            [
              {
                "type": "get_attr",
                "value": "root_password"
              }
            ],
            [
              {
                "type": "get_attr",
                "value": "server_ca_cert"
              }
            ]
          ],
          "identity_schema_version": 0,
          "private": "eyJlMmJmYjczMC1lY2FhLTExZTYtOGY4OC0zNDM2M2JjN2M0YzAiOnsiY3JlYXRlIjo1NDAwMDAwMDAwMDAwLCJkZWxldGUiOjU0MDAwMDAwMDAwMDAsInVwZGF0ZSI6NTQwMDAwMDAwMDAwMH19"
        }
      ]
    },
    {
      "mode": "managed",
      "type": "google_sql_user",
      "name": "user",
      "provider": "provider[\"registry.terraform.io/hashicorp/google\"]",
      "instances": [
        {
          "schema_version": 1,
          "attributes": {
            "deletion_policy": null,
            "host": "",
            "id": "admin//text-2",
            "instance": "text-2",
            "name": "admin",
            "password": "StrongPassword@123",
            "password_policy": [],
            "password_wo": null,
            "password_wo_version": null,
            "project": "docker-gke-project-sainadha",
            "sql_server_user_details": [],
            "timeouts": null,
            "type": ""
          },
          "sensitive_attributes": [
            [
              {
                "type": "get_attr",
                "value": "password"
              }
            ]
          ],
          "identity_schema_version": 0,
          "private": "eyJlMmJmYjczMC1lY2FhLTExZTYtOGY4OC0zNDM2M2JjN2M0YzAiOnsiY3JlYXRlIjo2MDAwMDAwMDAwMDAsImRlbGV0ZSI6NjAwMDAwMDAwMDAwLCJ1cGRhdGUiOjYwMDAwMDAwMDAwMH0sInNjaGVtYV92ZXJzaW9uIjoiMSJ9",
          "dependencies": [
            "google_sql_database_instance.db_instance"
          ]
        }
      ]
    }
  ],
  "check_results": null
}
